{
    "composer/semver": {
        "version": "3.2.5"
    },
    "composer/xdebug-handler": {
        "version": "2.0.1"
    },
    "doctrine/annotations": {
        "version": "1.0",
        "recipe": {
            "repo": "github.com/symfony/recipes",
            "branch": "master",
            "version": "1.0",
            "ref": "a2759dd6123694c8d901d0ec80006e044c2e6457"
        },
        "files": [
            "config/routes/annotations.yaml"
        ]
    },
    "doctrine/lexer": {
        "version": "1.2.1"
    },
    "friendsofphp/php-cs-fixer": {
        "version": "3.0",
        "recipe": {
            "repo": "github.com/symfony/recipes",
            "branch": "master",
            "version": "3.0",
            "ref": "be2103eb4a20942e28a6dd87736669b757132435"
        },
        "files": [
            ".php-cs-fixer.dist.php"
        ]
    },
    "guzzlehttp/psr7": {
        "version": "1.8.2"
    },
    "intervention/image": {
        "version": "2.5.1"
    },
    "league/flysystem": {
        "version": "1.1.4"
    },
    "league/flysystem-bundle": {
        "version": "1.0",
        "recipe": {
            "repo": "github.com/symfony/recipes-contrib",
            "branch": "master",
            "version": "1.0",
            "ref": "8ad3ded1f39fedce098e43259741f42092a1010e"
        },
        "files": [
            "config/packages/flysystem.yaml",
            "var/storage/.gitignore"
        ]
    },
    "league/glide": {
        "version": "1.7.0"
    },
    "league/glide-symfony": {
        "version": "1.0.4"
    },
    "league/mime-type-detection": {
        "version": "1.7.0"
    },
    "php-cs-fixer/diff": {
        "version": "v2.0.2"
    },
    "psr/http-message": {
        "version": "1.0.1"
    },
    "ralouphie/getallheaders": {
        "version": "3.0.3"
    },
    "sensio/framework-extra-bundle": {
        "version": "5.2",
        "recipe": {
            "repo": "github.com/symfony/recipes",
            "branch": "master",
            "version": "5.2",
            "ref": "fb7e19da7f013d0d422fa9bce16f5c510e27609b"
        },
        "files": [
            "config/packages/sensio_framework_extra.yaml"
        ]
    },
    "symfony/http-client": {
        "version": "v5.3.3"
    },
    "symfony/options-resolver": {
        "version": "v5.3.0"
    },
    "symfony/process": {
        "version": "v5.3.2"
    }
}
